
Microsoft Visual Studio Solution File, Format Version 12.00
# Visual Studio Version 16
VisualStudioVersion = 16.0.29411.108
MinimumVisualStudioVersion = 10.0.40219.1
Project("{8BC9CEB8-8B4A-11D0-8D11-00A0C91BC942}") = "Snake", "Snake.vcxproj", "{90F42110-132F-4614-A867-44274723AC96}"
EndProject
Global
	GlobalSection(SolutionConfigurationPlatforms) = preSolution
		Debug|x64 = Debug|x64
		Debug|x86 = Debug|x86
		Release|x64 = Release|x64
		Release|x86 = Release|x86
	EndGlobalSection
	GlobalSection(ProjectConfigurationPlatforms) = postSolution
		{90F42110-132F-4614-A867-44274723AC96}.Debug|x64.ActiveCfg = Debug|x64
		{90F42110-132F-4614-A867-44274723AC96}.Debug|x64.Build.0 = Debug|x64
		{90F42110-132F-4614-A867-44274723AC96}.Debug|x86.ActiveCfg = Debug|Win32
		{90F42110-132F-4614-A867-44274723AC96}.Debug|x86.Build.0 = Debug|Win32
		{90F42110-132F-4614-A867-44274723AC96}.Release|x64.ActiveCfg = Release|x64
		{90F42110-132F-4614-A867-44274723AC96}.Release|x64.Build.0 = Release|x64
		{90F42110-132F-4614-A867-44274723AC96}.Release|x86.ActiveCfg = Release|Win32
		{90F42110-132F-4614-A867-44274723AC96}.Release|x86.Build.0 = Release|Win32
	EndGlobalSection
	GlobalSection(SolutionProperties) = preSolution
		HideSolutionNode = FALSE
	EndGlobalSection
	GlobalSection(ExtensibilityGlobals) = postSolution
		SolutionGuid = {FC20A02D-2606-4E10-9CD6-D487EB89AA99}
	EndGlobalSection
EndGlobal
